# THIS IS AN AUTOGENERATED FILE. DO NOT EDIT THIS FILE DIRECTLY.
# yarn lockfile v1


csv-generate@^3.2.0:
  version "3.2.0"
  resolved "http://registry.npm.taobao.org/csv-generate/download/csv-generate-3.2.0.tgz#17c0defbad71bfe63182cd3c41c972138ce0b300"
  integrity sha1-F8De+61xv+Yxgs08QclyE4zgswA=

csv-parse@^4.3.0:
  version "4.3.0"
  resolved "http://registry.npm.taobao.org/csv-parse/download/csv-parse-4.3.0.tgz#e27cc1c4c5426201a896389c9f97273a0d47dad4"
  integrity sha1-4nzBxMVCYgGoljicn5cnOg1H2tQ=

csv-stringify@^5.1.2:
  version "5.1.2"
  resolved "http://registry.npm.taobao.org/csv-stringify/download/csv-stringify-5.1.2.tgz#0c594ff13f3ae30d40348805eeb0d1f4faf1d9c2"
  integrity sha1-DFlP8T864w1ANIgF7rDR9Prx2cI=
  dependencies:
    lodash.get "~4.4.2"

csv@^5.1.0:
  version "5.1.0"
  resolved "http://registry.npm.taobao.org/csv/download/csv-5.1.0.tgz#83e8637018d76a711e84f3b331b3fe83f67f28d6"
  integrity sha1-g+hjcBjXanEehPOzMbP+g/Z/KNY=
  dependencies:
    csv-generate "^3.2.0"
    csv-parse "^4.3.0"
    csv-stringify "^5.1.2"
    stream-transform "^1.0.8"

lodash.get@~4.4.2:
  version "4.4.2"
  resolved "http://registry.npm.taobao.org/lodash.get/download/lodash.get-4.4.2.tgz#2d177f652fa31e939b4438d5341499dfa3825e99"
  integrity sha1-LRd/ZS+jHpObRDjVNBSZ36OCXpk=

stream-transform@^1.0.8:
  version "1.0.8"
  resolved "http://registry.npm.taobao.org/stream-transform/download/stream-transform-1.0.8.tgz#54f721122d310eca855a16c97939881ab5bbb76c"
  integrity sha1-VPchEi0xDsqFWhbJeTmIGrW7t2w=
